github.com/joegasewicz/form-validator v1.3.1 h1:pmjdBHzwmpNjLiOTKLjrwnOOS6zMgp8H9br2dcxi/kw=
github.com/joegasewicz/form-validator v1.3.1/go.mod h1:XLQZTLC/+v/032QOAeZOGLcH8TZZqBafHMaDPGMNs0Q=
github.com/joegasewicz/multipart-requests v0.1.2 h1:MKpqsDqCGzmdCnmA0OH/trK5/Ds/CPiZzsjKIFXOcmU=
github.com/joegasewicz/multipart-requests v0.1.2/go.mod h1:yvTqwQCGLaNQabByFQ0OG4/xRGRetp6xeeI3fpJepmI=
